
Microsoft Visual Studio Solution File, Format Version 12.00
# Visual Studio Version 17
VisualStudioVersion = 17.4.33110.190
MinimumVisualStudioVersion = 10.0.40219.1
Project("{FAE04EC0-301F-11D3-BF4B-00C04F79EFBC}") = "Stealer", "Stealer\Stealer.csproj", "{75BA6550-4DA4-49FA-8D44-DC67CC615D06}"
EndProject
Project("{FAE04EC0-301F-11D3-BF4B-00C04F79EFBC}") = "AuthorProblem", "AuthorProblem\AuthorProblem.csproj", "{358F0CEA-A837-48AB-AC53-4CE295B792EE}"
EndProject
Global
	GlobalSection(SolutionConfigurationPlatforms) = preSolution
		Debug|Any CPU = Debug|Any CPU
		Release|Any CPU = Release|Any CPU
	EndGlobalSection
	GlobalSection(ProjectConfigurationPlatforms) = postSolution
		{75BA6550-4DA4-49FA-8D44-DC67CC615D06}.Debug|Any CPU.ActiveCfg = Debug|Any CPU
		{75BA6550-4DA4-49FA-8D44-DC67CC615D06}.Debug|Any CPU.Build.0 = Debug|Any CPU
		{75BA6550-4DA4-49FA-8D44-DC67CC615D06}.Release|Any CPU.ActiveCfg = Release|Any CPU
		{75BA6550-4DA4-49FA-8D44-DC67CC615D06}.Release|Any CPU.Build.0 = Release|Any CPU
		{358F0CEA-A837-48AB-AC53-4CE295B792EE}.Debug|Any CPU.ActiveCfg = Debug|Any CPU
		{358F0CEA-A837-48AB-AC53-4CE295B792EE}.Debug|Any CPU.Build.0 = Debug|Any CPU
		{358F0CEA-A837-48AB-AC53-4CE295B792EE}.Release|Any CPU.ActiveCfg = Release|Any CPU
		{358F0CEA-A837-48AB-AC53-4CE295B792EE}.Release|Any CPU.Build.0 = Release|Any CPU
	EndGlobalSection
	GlobalSection(SolutionProperties) = preSolution
		HideSolutionNode = FALSE
	EndGlobalSection
	GlobalSection(ExtensibilityGlobals) = postSolution
		SolutionGuid = {AB192452-C348-43AA-AC29-A80952329737}
	EndGlobalSection
EndGlobal
