
Microsoft Visual Studio Solution File, Format Version 12.00
# Visual Studio Version 17
VisualStudioVersion = 17.0.32014.148
MinimumVisualStudioVersion = 10.0.40219.1
Project("{FAE04EC0-301F-11D3-BF4B-00C04F79EFBC}") = "BasicStackOperations", "BasicStackOperations\BasicStackOperations.csproj", "{620CC8EA-7DF4-4519-98E6-EAF1C2656895}"
EndProject
Project("{FAE04EC0-301F-11D3-BF4B-00C04F79EFBC}") = "BasicQueueOperations", "BasicQueueOperations\BasicQueueOperations.csproj", "{9807A147-A877-4614-A29F-FF3031D19009}"
EndProject
Project("{FAE04EC0-301F-11D3-BF4B-00C04F79EFBC}") = "MaximumMinimumElement", "MaximumMinimumElement\MaximumMinimumElement.csproj", "{E402798B-CEC2-4E7A-BBFB-9B174280807D}"
EndProject
Project("{FAE04EC0-301F-11D3-BF4B-00C04F79EFBC}") = "FastFood", "FastFood\FastFood.csproj", "{16B42549-545A-46A4-89A0-7AA97BC24B53}"
EndProject
Project("{FAE04EC0-301F-11D3-BF4B-00C04F79EFBC}") = "FashionBoutique", "FashionBoutique\FashionBoutique.csproj", "{FBF6778C-5DDF-4882-B52E-BD7CBA64D049}"
EndProject
Project("{FAE04EC0-301F-11D3-BF4B-00C04F79EFBC}") = "SongsQueue", "SongsQueue\SongsQueue.csproj", "{49208600-081D-4766-BDE6-9F593F1A0A1D}"
EndProject
Project("{FAE04EC0-301F-11D3-BF4B-00C04F79EFBC}") = "TruckTour", "TruckTour\TruckTour.csproj", "{9389F957-CA1C-41C7-937B-F2C443338355}"
EndProject
Project("{FAE04EC0-301F-11D3-BF4B-00C04F79EFBC}") = "BalancedParenthesis", "BalancedParenthesis\BalancedParenthesis.csproj", "{4361F52E-BDC9-4944-AAB4-9372F5285803}"
EndProject
Project("{FAE04EC0-301F-11D3-BF4B-00C04F79EFBC}") = "SimpleTextEditor", "SimpleTextEditor\SimpleTextEditor.csproj", "{3316C839-F04E-4DFC-A59B-73F7CE09DD71}"
EndProject
Project("{FAE04EC0-301F-11D3-BF4B-00C04F79EFBC}") = "Crossroads", "Crossroads\Crossroads.csproj", "{7D611069-6B09-4C6D-BB34-7C90304A0D45}"
EndProject
Project("{FAE04EC0-301F-11D3-BF4B-00C04F79EFBC}") = "KeyRevolver", "KeyRevolver\KeyRevolver.csproj", "{7138BC09-7721-463B-8847-A3B6D6D3F8E3}"
EndProject
Project("{FAE04EC0-301F-11D3-BF4B-00C04F79EFBC}") = "CupsAndBottles", "CupsAndBottles\CupsAndBottles.csproj", "{FD766AF8-4017-4DF3-ACE5-AF2F6D163413}"
EndProject
Global
	GlobalSection(SolutionConfigurationPlatforms) = preSolution
		Debug|Any CPU = Debug|Any CPU
		Release|Any CPU = Release|Any CPU
	EndGlobalSection
	GlobalSection(ProjectConfigurationPlatforms) = postSolution
		{620CC8EA-7DF4-4519-98E6-EAF1C2656895}.Debug|Any CPU.ActiveCfg = Debug|Any CPU
		{620CC8EA-7DF4-4519-98E6-EAF1C2656895}.Debug|Any CPU.Build.0 = Debug|Any CPU
		{620CC8EA-7DF4-4519-98E6-EAF1C2656895}.Release|Any CPU.ActiveCfg = Release|Any CPU
		{620CC8EA-7DF4-4519-98E6-EAF1C2656895}.Release|Any CPU.Build.0 = Release|Any CPU
		{9807A147-A877-4614-A29F-FF3031D19009}.Debug|Any CPU.ActiveCfg = Debug|Any CPU
		{9807A147-A877-4614-A29F-FF3031D19009}.Debug|Any CPU.Build.0 = Debug|Any CPU
		{9807A147-A877-4614-A29F-FF3031D19009}.Release|Any CPU.ActiveCfg = Release|Any CPU
		{9807A147-A877-4614-A29F-FF3031D19009}.Release|Any CPU.Build.0 = Release|Any CPU
		{E402798B-CEC2-4E7A-BBFB-9B174280807D}.Debug|Any CPU.ActiveCfg = Debug|Any CPU
		{E402798B-CEC2-4E7A-BBFB-9B174280807D}.Debug|Any CPU.Build.0 = Debug|Any CPU
		{E402798B-CEC2-4E7A-BBFB-9B174280807D}.Release|Any CPU.ActiveCfg = Release|Any CPU
		{E402798B-CEC2-4E7A-BBFB-9B174280807D}.Release|Any CPU.Build.0 = Release|Any CPU
		{16B42549-545A-46A4-89A0-7AA97BC24B53}.Debug|Any CPU.ActiveCfg = Debug|Any CPU
		{16B42549-545A-46A4-89A0-7AA97BC24B53}.Debug|Any CPU.Build.0 = Debug|Any CPU
		{16B42549-545A-46A4-89A0-7AA97BC24B53}.Release|Any CPU.ActiveCfg = Release|Any CPU
		{16B42549-545A-46A4-89A0-7AA97BC24B53}.Release|Any CPU.Build.0 = Release|Any CPU
		{FBF6778C-5DDF-4882-B52E-BD7CBA64D049}.Debug|Any CPU.ActiveCfg = Debug|Any CPU
		{FBF6778C-5DDF-4882-B52E-BD7CBA64D049}.Debug|Any CPU.Build.0 = Debug|Any CPU
		{FBF6778C-5DDF-4882-B52E-BD7CBA64D049}.Release|Any CPU.ActiveCfg = Release|Any CPU
		{FBF6778C-5DDF-4882-B52E-BD7CBA64D049}.Release|Any CPU.Build.0 = Release|Any CPU
		{49208600-081D-4766-BDE6-9F593F1A0A1D}.Debug|Any CPU.ActiveCfg = Debug|Any CPU
		{49208600-081D-4766-BDE6-9F593F1A0A1D}.Debug|Any CPU.Build.0 = Debug|Any CPU
		{49208600-081D-4766-BDE6-9F593F1A0A1D}.Release|Any CPU.ActiveCfg = Release|Any CPU
		{49208600-081D-4766-BDE6-9F593F1A0A1D}.Release|Any CPU.Build.0 = Release|Any CPU
		{9389F957-CA1C-41C7-937B-F2C443338355}.Debug|Any CPU.ActiveCfg = Debug|Any CPU
		{9389F957-CA1C-41C7-937B-F2C443338355}.Debug|Any CPU.Build.0 = Debug|Any CPU
		{9389F957-CA1C-41C7-937B-F2C443338355}.Release|Any CPU.ActiveCfg = Release|Any CPU
		{9389F957-CA1C-41C7-937B-F2C443338355}.Release|Any CPU.Build.0 = Release|Any CPU
		{4361F52E-BDC9-4944-AAB4-9372F5285803}.Debug|Any CPU.ActiveCfg = Debug|Any CPU
		{4361F52E-BDC9-4944-AAB4-9372F5285803}.Debug|Any CPU.Build.0 = Debug|Any CPU
		{4361F52E-BDC9-4944-AAB4-9372F5285803}.Release|Any CPU.ActiveCfg = Release|Any CPU
		{4361F52E-BDC9-4944-AAB4-9372F5285803}.Release|Any CPU.Build.0 = Release|Any CPU
		{3316C839-F04E-4DFC-A59B-73F7CE09DD71}.Debug|Any CPU.ActiveCfg = Debug|Any CPU
		{3316C839-F04E-4DFC-A59B-73F7CE09DD71}.Debug|Any CPU.Build.0 = Debug|Any CPU
		{3316C839-F04E-4DFC-A59B-73F7CE09DD71}.Release|Any CPU.ActiveCfg = Release|Any CPU
		{3316C839-F04E-4DFC-A59B-73F7CE09DD71}.Release|Any CPU.Build.0 = Release|Any CPU
		{7D611069-6B09-4C6D-BB34-7C90304A0D45}.Debug|Any CPU.ActiveCfg = Debug|Any CPU
		{7D611069-6B09-4C6D-BB34-7C90304A0D45}.Debug|Any CPU.Build.0 = Debug|Any CPU
		{7D611069-6B09-4C6D-BB34-7C90304A0D45}.Release|Any CPU.ActiveCfg = Release|Any CPU
		{7D611069-6B09-4C6D-BB34-7C90304A0D45}.Release|Any CPU.Build.0 = Release|Any CPU
		{7138BC09-7721-463B-8847-A3B6D6D3F8E3}.Debug|Any CPU.ActiveCfg = Debug|Any CPU
		{7138BC09-7721-463B-8847-A3B6D6D3F8E3}.Debug|Any CPU.Build.0 = Debug|Any CPU
		{7138BC09-7721-463B-8847-A3B6D6D3F8E3}.Release|Any CPU.ActiveCfg = Release|Any CPU
		{7138BC09-7721-463B-8847-A3B6D6D3F8E3}.Release|Any CPU.Build.0 = Release|Any CPU
		{FD766AF8-4017-4DF3-ACE5-AF2F6D163413}.Debug|Any CPU.ActiveCfg = Debug|Any CPU
		{FD766AF8-4017-4DF3-ACE5-AF2F6D163413}.Debug|Any CPU.Build.0 = Debug|Any CPU
		{FD766AF8-4017-4DF3-ACE5-AF2F6D163413}.Release|Any CPU.ActiveCfg = Release|Any CPU
		{FD766AF8-4017-4DF3-ACE5-AF2F6D163413}.Release|Any CPU.Build.0 = Release|Any CPU
	EndGlobalSection
	GlobalSection(SolutionProperties) = preSolution
		HideSolutionNode = FALSE
	EndGlobalSection
	GlobalSection(ExtensibilityGlobals) = postSolution
		SolutionGuid = {CAADD750-9E82-447C-8072-0C02D9E70C93}
	EndGlobalSection
EndGlobal
