
Microsoft Visual Studio Solution File, Format Version 12.00
# Visual Studio Version 17
VisualStudioVersion = 17.0.32014.148
MinimumVisualStudioVersion = 10.0.40219.1
Project("{FAE04EC0-301F-11D3-BF4B-00C04F79EFBC}") = "BoxOfT", "BoxOfT\BoxOfT.csproj", "{D268D651-3E09-428D-B74E-114A89B0A4DC}"
EndProject
Project("{FAE04EC0-301F-11D3-BF4B-00C04F79EFBC}") = "GenericArrayCreator", "GenericArrayCreator\GenericArrayCreator.csproj", "{C4CFF6ED-6FEB-4B4A-A2AD-D853DCED02F7}"
EndProject
Project("{FAE04EC0-301F-11D3-BF4B-00C04F79EFBC}") = "GenericScale", "GenericScale\GenericScale.csproj", "{BBDF9233-2C20-4568-8C5D-DCF2FBE27BD0}"
EndProject
Global
	GlobalSection(SolutionConfigurationPlatforms) = preSolution
		Debug|Any CPU = Debug|Any CPU
		Release|Any CPU = Release|Any CPU
	EndGlobalSection
	GlobalSection(ProjectConfigurationPlatforms) = postSolution
		{D268D651-3E09-428D-B74E-114A89B0A4DC}.Debug|Any CPU.ActiveCfg = Debug|Any CPU
		{D268D651-3E09-428D-B74E-114A89B0A4DC}.Debug|Any CPU.Build.0 = Debug|Any CPU
		{D268D651-3E09-428D-B74E-114A89B0A4DC}.Release|Any CPU.ActiveCfg = Release|Any CPU
		{D268D651-3E09-428D-B74E-114A89B0A4DC}.Release|Any CPU.Build.0 = Release|Any CPU
		{C4CFF6ED-6FEB-4B4A-A2AD-D853DCED02F7}.Debug|Any CPU.ActiveCfg = Debug|Any CPU
		{C4CFF6ED-6FEB-4B4A-A2AD-D853DCED02F7}.Debug|Any CPU.Build.0 = Debug|Any CPU
		{C4CFF6ED-6FEB-4B4A-A2AD-D853DCED02F7}.Release|Any CPU.ActiveCfg = Release|Any CPU
		{C4CFF6ED-6FEB-4B4A-A2AD-D853DCED02F7}.Release|Any CPU.Build.0 = Release|Any CPU
		{BBDF9233-2C20-4568-8C5D-DCF2FBE27BD0}.Debug|Any CPU.ActiveCfg = Debug|Any CPU
		{BBDF9233-2C20-4568-8C5D-DCF2FBE27BD0}.Debug|Any CPU.Build.0 = Debug|Any CPU
		{BBDF9233-2C20-4568-8C5D-DCF2FBE27BD0}.Release|Any CPU.ActiveCfg = Release|Any CPU
		{BBDF9233-2C20-4568-8C5D-DCF2FBE27BD0}.Release|Any CPU.Build.0 = Release|Any CPU
	EndGlobalSection
	GlobalSection(SolutionProperties) = preSolution
		HideSolutionNode = FALSE
	EndGlobalSection
	GlobalSection(ExtensibilityGlobals) = postSolution
		SolutionGuid = {34ADEF79-BF96-454D-8F54-835EC1D51AC8}
	EndGlobalSection
EndGlobal
