
Microsoft Visual Studio Solution File, Format Version 12.00
# Visual Studio Version 17
VisualStudioVersion = 17.4.33110.190
MinimumVisualStudioVersion = 10.0.40219.1
Project("{9A19103F-16F7-4668-BE54-9A1E7A4F7556}") = "Logger.Core", "Logger.Core\Logger.Core.csproj", "{99092EBF-D3F3-4641-8590-B6D0DA83462D}"
EndProject
Project("{FAE04EC0-301F-11D3-BF4B-00C04F79EFBC}") = "Logger.ConsoleApp", "Logger.ConsoleApp\Logger.ConsoleApp.csproj", "{BA1958D8-79EC-483D-8AD7-C53E29AC8892}"
EndProject
Global
	GlobalSection(SolutionConfigurationPlatforms) = preSolution
		Debug|Any CPU = Debug|Any CPU
		Release|Any CPU = Release|Any CPU
	EndGlobalSection
	GlobalSection(ProjectConfigurationPlatforms) = postSolution
		{99092EBF-D3F3-4641-8590-B6D0DA83462D}.Debug|Any CPU.ActiveCfg = Debug|Any CPU
		{99092EBF-D3F3-4641-8590-B6D0DA83462D}.Debug|Any CPU.Build.0 = Debug|Any CPU
		{99092EBF-D3F3-4641-8590-B6D0DA83462D}.Release|Any CPU.ActiveCfg = Release|Any CPU
		{99092EBF-D3F3-4641-8590-B6D0DA83462D}.Release|Any CPU.Build.0 = Release|Any CPU
		{BA1958D8-79EC-483D-8AD7-C53E29AC8892}.Debug|Any CPU.ActiveCfg = Debug|Any CPU
		{BA1958D8-79EC-483D-8AD7-C53E29AC8892}.Debug|Any CPU.Build.0 = Debug|Any CPU
		{BA1958D8-79EC-483D-8AD7-C53E29AC8892}.Release|Any CPU.ActiveCfg = Release|Any CPU
		{BA1958D8-79EC-483D-8AD7-C53E29AC8892}.Release|Any CPU.Build.0 = Release|Any CPU
	EndGlobalSection
	GlobalSection(SolutionProperties) = preSolution
		HideSolutionNode = FALSE
	EndGlobalSection
	GlobalSection(ExtensibilityGlobals) = postSolution
		SolutionGuid = {1F0669AC-1E6C-45F1-B1FF-AA3BC5301D8A}
	EndGlobalSection
EndGlobal
