
Microsoft Visual Studio Solution File, Format Version 12.00
# Visual Studio Version 17
VisualStudioVersion = 17.0.32014.148
MinimumVisualStudioVersion = 10.0.40219.1
Project("{FAE04EC0-301F-11D3-BF4B-00C04F79EFBC}") = "SingleInheritance", "SingleInheritance\SingleInheritance.csproj", "{94D790D4-A491-4AAD-BA5E-D40233B73146}"
EndProject
Project("{FAE04EC0-301F-11D3-BF4B-00C04F79EFBC}") = "MultipleInheritance", "MultipleInheritance\MultipleInheritance.csproj", "{BD892618-F645-4017-AE80-271EC134CBE1}"
EndProject
Project("{FAE04EC0-301F-11D3-BF4B-00C04F79EFBC}") = "HierarchicalInheritance", "HierarchicalInheritance\HierarchicalInheritance.csproj", "{E842C72B-29F4-45D2-882E-B746CEE43AB9}"
EndProject
Project("{FAE04EC0-301F-11D3-BF4B-00C04F79EFBC}") = "CustomStack", "CustomStack\CustomStack.csproj", "{6AEA98D8-8506-477A-8E79-8AF07647FC47}"
EndProject
Project("{FAE04EC0-301F-11D3-BF4B-00C04F79EFBC}") = "CustomRandomList", "CustomRandomList\CustomRandomList.csproj", "{47104A99-90AC-4644-A0F1-9C367E22350E}"
EndProject
Global
	GlobalSection(SolutionConfigurationPlatforms) = preSolution
		Debug|Any CPU = Debug|Any CPU
		Release|Any CPU = Release|Any CPU
	EndGlobalSection
	GlobalSection(ProjectConfigurationPlatforms) = postSolution
		{94D790D4-A491-4AAD-BA5E-D40233B73146}.Debug|Any CPU.ActiveCfg = Debug|Any CPU
		{94D790D4-A491-4AAD-BA5E-D40233B73146}.Debug|Any CPU.Build.0 = Debug|Any CPU
		{94D790D4-A491-4AAD-BA5E-D40233B73146}.Release|Any CPU.ActiveCfg = Release|Any CPU
		{94D790D4-A491-4AAD-BA5E-D40233B73146}.Release|Any CPU.Build.0 = Release|Any CPU
		{BD892618-F645-4017-AE80-271EC134CBE1}.Debug|Any CPU.ActiveCfg = Debug|Any CPU
		{BD892618-F645-4017-AE80-271EC134CBE1}.Debug|Any CPU.Build.0 = Debug|Any CPU
		{BD892618-F645-4017-AE80-271EC134CBE1}.Release|Any CPU.ActiveCfg = Release|Any CPU
		{BD892618-F645-4017-AE80-271EC134CBE1}.Release|Any CPU.Build.0 = Release|Any CPU
		{E842C72B-29F4-45D2-882E-B746CEE43AB9}.Debug|Any CPU.ActiveCfg = Debug|Any CPU
		{E842C72B-29F4-45D2-882E-B746CEE43AB9}.Debug|Any CPU.Build.0 = Debug|Any CPU
		{E842C72B-29F4-45D2-882E-B746CEE43AB9}.Release|Any CPU.ActiveCfg = Release|Any CPU
		{E842C72B-29F4-45D2-882E-B746CEE43AB9}.Release|Any CPU.Build.0 = Release|Any CPU
		{6AEA98D8-8506-477A-8E79-8AF07647FC47}.Debug|Any CPU.ActiveCfg = Debug|Any CPU
		{6AEA98D8-8506-477A-8E79-8AF07647FC47}.Debug|Any CPU.Build.0 = Debug|Any CPU
		{6AEA98D8-8506-477A-8E79-8AF07647FC47}.Release|Any CPU.ActiveCfg = Release|Any CPU
		{6AEA98D8-8506-477A-8E79-8AF07647FC47}.Release|Any CPU.Build.0 = Release|Any CPU
		{47104A99-90AC-4644-A0F1-9C367E22350E}.Debug|Any CPU.ActiveCfg = Debug|Any CPU
		{47104A99-90AC-4644-A0F1-9C367E22350E}.Debug|Any CPU.Build.0 = Debug|Any CPU
		{47104A99-90AC-4644-A0F1-9C367E22350E}.Release|Any CPU.ActiveCfg = Release|Any CPU
		{47104A99-90AC-4644-A0F1-9C367E22350E}.Release|Any CPU.Build.0 = Release|Any CPU
	EndGlobalSection
	GlobalSection(SolutionProperties) = preSolution
		HideSolutionNode = FALSE
	EndGlobalSection
	GlobalSection(ExtensibilityGlobals) = postSolution
		SolutionGuid = {C7F6279D-3116-451C-9AAE-BFFA5BF14929}
	EndGlobalSection
EndGlobal
