
Microsoft Visual Studio Solution File, Format Version 12.00
# Visual Studio Version 17
VisualStudioVersion = 17.4.33110.190
MinimumVisualStudioVersion = 10.0.40219.1
Project("{FAE04EC0-301F-11D3-BF4B-00C04F79EFBC}") = "AdoNetExercise", "AdoNetExercise\AdoNetExercise.csproj", "{9BB66913-F97E-4FC3-8B60-4C59AD297B07}"
EndProject
Global
	GlobalSection(SolutionConfigurationPlatforms) = preSolution
		Debug|Any CPU = Debug|Any CPU
		Release|Any CPU = Release|Any CPU
	EndGlobalSection
	GlobalSection(ProjectConfigurationPlatforms) = postSolution
		{9BB66913-F97E-4FC3-8B60-4C59AD297B07}.Debug|Any CPU.ActiveCfg = Debug|Any CPU
		{9BB66913-F97E-4FC3-8B60-4C59AD297B07}.Debug|Any CPU.Build.0 = Debug|Any CPU
		{9BB66913-F97E-4FC3-8B60-4C59AD297B07}.Release|Any CPU.ActiveCfg = Release|Any CPU
		{9BB66913-F97E-4FC3-8B60-4C59AD297B07}.Release|Any CPU.Build.0 = Release|Any CPU
	EndGlobalSection
	GlobalSection(SolutionProperties) = preSolution
		HideSolutionNode = FALSE
	EndGlobalSection
	GlobalSection(ExtensibilityGlobals) = postSolution
		SolutionGuid = {F2AE62AF-8C98-4C90-AB6E-697B4B47DF16}
	EndGlobalSection
EndGlobal
