
Microsoft Visual Studio Solution File, Format Version 12.00
# Visual Studio Version 17
VisualStudioVersion = 17.0.32014.148
MinimumVisualStudioVersion = 10.0.40219.1
Project("{FAE04EC0-301F-11D3-BF4B-00C04F79EFBC}") = "Shapes", "Shapes\Shapes.csproj", "{7B90F488-416B-4468-A54A-6AC43D0488C2}"
EndProject
Project("{FAE04EC0-301F-11D3-BF4B-00C04F79EFBC}") = "CarsAbstractClass", "Cars\CarsAbstractClass.csproj", "{B55DDE26-2917-4596-9213-EF7B49E5A25C}"
EndProject
Project("{FAE04EC0-301F-11D3-BF4B-00C04F79EFBC}") = "Cars", "Cars\Cars.csproj", "{756D2C4A-3BE3-4F57-BED1-13DE34C71D75}"
EndProject
Global
	GlobalSection(SolutionConfigurationPlatforms) = preSolution
		Debug|Any CPU = Debug|Any CPU
		Release|Any CPU = Release|Any CPU
	EndGlobalSection
	GlobalSection(ProjectConfigurationPlatforms) = postSolution
		{7B90F488-416B-4468-A54A-6AC43D0488C2}.Debug|Any CPU.ActiveCfg = Debug|Any CPU
		{7B90F488-416B-4468-A54A-6AC43D0488C2}.Debug|Any CPU.Build.0 = Debug|Any CPU
		{7B90F488-416B-4468-A54A-6AC43D0488C2}.Release|Any CPU.ActiveCfg = Release|Any CPU
		{7B90F488-416B-4468-A54A-6AC43D0488C2}.Release|Any CPU.Build.0 = Release|Any CPU
		{B55DDE26-2917-4596-9213-EF7B49E5A25C}.Debug|Any CPU.ActiveCfg = Debug|Any CPU
		{B55DDE26-2917-4596-9213-EF7B49E5A25C}.Debug|Any CPU.Build.0 = Debug|Any CPU
		{B55DDE26-2917-4596-9213-EF7B49E5A25C}.Release|Any CPU.ActiveCfg = Release|Any CPU
		{B55DDE26-2917-4596-9213-EF7B49E5A25C}.Release|Any CPU.Build.0 = Release|Any CPU
		{756D2C4A-3BE3-4F57-BED1-13DE34C71D75}.Debug|Any CPU.ActiveCfg = Debug|Any CPU
		{756D2C4A-3BE3-4F57-BED1-13DE34C71D75}.Debug|Any CPU.Build.0 = Debug|Any CPU
		{756D2C4A-3BE3-4F57-BED1-13DE34C71D75}.Release|Any CPU.ActiveCfg = Release|Any CPU
		{756D2C4A-3BE3-4F57-BED1-13DE34C71D75}.Release|Any CPU.Build.0 = Release|Any CPU
	EndGlobalSection
	GlobalSection(SolutionProperties) = preSolution
		HideSolutionNode = FALSE
	EndGlobalSection
	GlobalSection(ExtensibilityGlobals) = postSolution
		SolutionGuid = {0903D1F9-8F44-48CF-BCA4-44DB56AAA0A4}
	EndGlobalSection
EndGlobal
